
Microsoft Visual Studio Solution File, Format Version 12.00
# Visual Studio Version 17
VisualStudioVersion = 17.8.34322.80
MinimumVisualStudioVersion = 10.0.40219.1
Project("{FAE04EC0-301F-11D3-BF4B-00C04F79EFBC}") = "BackendCategoria", "BackendCategoria\BackendCategoria.csproj", "{81CE2C99-D7FF-45E4-8DD1-CEBA1A8ADD8C}"
EndProject
Global
	GlobalSection(SolutionConfigurationPlatforms) = preSolution
		Debug|Any CPU = Debug|Any CPU
		Release|Any CPU = Release|Any CPU
	EndGlobalSection
	GlobalSection(ProjectConfigurationPlatforms) = postSolution
		{81CE2C99-D7FF-45E4-8DD1-CEBA1A8ADD8C}.Debug|Any CPU.ActiveCfg = Debug|Any CPU
		{81CE2C99-D7FF-45E4-8DD1-CEBA1A8ADD8C}.Debug|Any CPU.Build.0 = Debug|Any CPU
		{81CE2C99-D7FF-45E4-8DD1-CEBA1A8ADD8C}.Release|Any CPU.ActiveCfg = Release|Any CPU
		{81CE2C99-D7FF-45E4-8DD1-CEBA1A8ADD8C}.Release|Any CPU.Build.0 = Release|Any CPU
	EndGlobalSection
	GlobalSection(SolutionProperties) = preSolution
		HideSolutionNode = FALSE
	EndGlobalSection
	GlobalSection(ExtensibilityGlobals) = postSolution
		SolutionGuid = {EBDDBD13-2DD7-4DA6-BCA9-1AA74E37C481}
	EndGlobalSection
EndGlobal
